
Microsoft Visual Studio Solution File, Format Version 12.00
# Visual Studio Version 17
VisualStudioVersion = 17.7.34003.232
MinimumVisualStudioVersion = 10.0.40219.1
Project("{FAE04EC0-301F-11D3-BF4B-00C04F79EFBC}") = "KUSYS-Demo.UI", "KUSYS-Demo.UI\KUSYS-Demo.UI.csproj", "{3D8DF264-F5DA-445D-AE13-BBE423103C49}"
EndProject
Project("{FAE04EC0-301F-11D3-BF4B-00C04F79EFBC}") = "KUSYS-Demo.Business", "KUSYS-Demo.Business\KUSYS-Demo.Business.csproj", "{830CBFC5-9824-49EB-BCE7-3E7047F8798B}"
EndProject
Project("{FAE04EC0-301F-11D3-BF4B-00C04F79EFBC}") = "KUSYS-Demo.DataAccess", "KUSYS-Demo.DataAccess\KUSYS-Demo.DataAccess.csproj", "{F5FA7768-8419-4DBF-9FD0-265C6003EAD9}"
EndProject
Project("{FAE04EC0-301F-11D3-BF4B-00C04F79EFBC}") = "KUSYS-Demo.Entities", "KUSYS-Demo.Entities\KUSYS-Demo.Entities.csproj", "{A960E37B-519E-407D-B362-B7FDE8C54803}"
EndProject
Project("{FAE04EC0-301F-11D3-BF4B-00C04F79EFBC}") = "KUSYS-Demo.Core", "KUSYS-Demo.Core\KUSYS-Demo.Core.csproj", "{464214DD-B339-486A-B233-E4BDC735EEA0}"
EndProject
Global
	GlobalSection(SolutionConfigurationPlatforms) = preSolution
		Debug|Any CPU = Debug|Any CPU
		Release|Any CPU = Release|Any CPU
	EndGlobalSection
	GlobalSection(ProjectConfigurationPlatforms) = postSolution
		{3D8DF264-F5DA-445D-AE13-BBE423103C49}.Debug|Any CPU.ActiveCfg = Debug|Any CPU
		{3D8DF264-F5DA-445D-AE13-BBE423103C49}.Debug|Any CPU.Build.0 = Debug|Any CPU
		{3D8DF264-F5DA-445D-AE13-BBE423103C49}.Release|Any CPU.ActiveCfg = Release|Any CPU
		{3D8DF264-F5DA-445D-AE13-BBE423103C49}.Release|Any CPU.Build.0 = Release|Any CPU
		{830CBFC5-9824-49EB-BCE7-3E7047F8798B}.Debug|Any CPU.ActiveCfg = Debug|Any CPU
		{830CBFC5-9824-49EB-BCE7-3E7047F8798B}.Debug|Any CPU.Build.0 = Debug|Any CPU
		{830CBFC5-9824-49EB-BCE7-3E7047F8798B}.Release|Any CPU.ActiveCfg = Release|Any CPU
		{830CBFC5-9824-49EB-BCE7-3E7047F8798B}.Release|Any CPU.Build.0 = Release|Any CPU
		{F5FA7768-8419-4DBF-9FD0-265C6003EAD9}.Debug|Any CPU.ActiveCfg = Debug|Any CPU
		{F5FA7768-8419-4DBF-9FD0-265C6003EAD9}.Debug|Any CPU.Build.0 = Debug|Any CPU
		{F5FA7768-8419-4DBF-9FD0-265C6003EAD9}.Release|Any CPU.ActiveCfg = Release|Any CPU
		{F5FA7768-8419-4DBF-9FD0-265C6003EAD9}.Release|Any CPU.Build.0 = Release|Any CPU
		{A960E37B-519E-407D-B362-B7FDE8C54803}.Debug|Any CPU.ActiveCfg = Debug|Any CPU
		{A960E37B-519E-407D-B362-B7FDE8C54803}.Debug|Any CPU.Build.0 = Debug|Any CPU
		{A960E37B-519E-407D-B362-B7FDE8C54803}.Release|Any CPU.ActiveCfg = Release|Any CPU
		{A960E37B-519E-407D-B362-B7FDE8C54803}.Release|Any CPU.Build.0 = Release|Any CPU
		{464214DD-B339-486A-B233-E4BDC735EEA0}.Debug|Any CPU.ActiveCfg = Debug|Any CPU
		{464214DD-B339-486A-B233-E4BDC735EEA0}.Debug|Any CPU.Build.0 = Debug|Any CPU
		{464214DD-B339-486A-B233-E4BDC735EEA0}.Release|Any CPU.ActiveCfg = Release|Any CPU
		{464214DD-B339-486A-B233-E4BDC735EEA0}.Release|Any CPU.Build.0 = Release|Any CPU
	EndGlobalSection
	GlobalSection(SolutionProperties) = preSolution
		HideSolutionNode = FALSE
	EndGlobalSection
	GlobalSection(ExtensibilityGlobals) = postSolution
		SolutionGuid = {8718BD49-D0C0-4898-A704-2659A71DE4DB}
	EndGlobalSection
EndGlobal
